// !$*UTF8*$!
{
	archiveVersion = 1;
	classes = {
	};
	objectVersion = 55;
	objects = {

/* Begin PBXBuildFile section */
		BF15F28F28357CE100968B3F /* Tests_iOS.swift in Sources */ = {isa = PBXBuildFile; fileRef = BF15F28E28357CE100968B3F /* Tests_iOS.swift */; };
		BF15F29128357CE100968B3F /* Tests_iOSLaunchTests.swift in Sources */ = {isa = PBXBuildFile; fileRef = BF15F29028357CE100968B3F /* Tests_iOSLaunchTests.swift */; };
		BF15F29B28357CE100968B3F /* Tests_macOS.swift in Sources */ = {isa = PBXBuildFile; fileRef = BF15F29A28357CE100968B3F /* Tests_macOS.swift */; };
		BF15F29D28357CE100968B3F /* Tests_macOSLaunchTests.swift in Sources */ = {isa = PBXBuildFile; fileRef = BF15F29C28357CE100968B3F /* Tests_macOSLaunchTests.swift */; };
		BF15F29E28357CE100968B3F /* iNimalApp.swift in Sources */ = {isa = PBXBuildFile; fileRef = BF15F27628357CDC00968B3F /* iNimalApp.swift */; };
		BF15F29F28357CE100968B3F /* iNimalApp.swift in Sources */ = {isa = PBXBuildFile; fileRef = BF15F27628357CDC00968B3F /* iNimalApp.swift */; };
		BF15F2A028357CE100968B3F /* ContentView.swift in Sources */ = {isa = PBXBuildFile; fileRef = BF15F27728357CDC00968B3F /* ContentView.swift */; };
		BF15F2A128357CE100968B3F /* ContentView.swift in Sources */ = {isa = PBXBuildFile; fileRef = BF15F27728357CDC00968B3F /* ContentView.swift */; };
		BF15F2A228357CE100968B3F /* Assets.xcassets in Resources */ = {isa = PBXBuildFile; fileRef = BF15F27828357CE100968B3F /* Assets.xcassets */; };
		BF15F2A328357CE100968B3F /* Assets.xcassets in Resources */ = {isa = PBXBuildFile; fileRef = BF15F27828357CE100968B3F /* Assets.xcassets */; };
/* End PBXBuildFile section */

/* Begin PBXContainerItemProxy section */
		BF15F28B28357CE100968B3F /* PBXContainerItemProxy */ = {
			isa = PBXContainerItemProxy;
			containerPortal = BF15F27128357CDC00968B3F /* Project object */;
			proxyType = 1;
			remoteGlobalIDString = BF15F27C28357CE100968B3F;
			remoteInfo = "iNimal (iOS)";
		};
		BF15F29728357CE100968B3F /* PBXContainerItemProxy */ = {
			isa = PBXContainerItemProxy;
			containerPortal = BF15F27128357CDC00968B3F /* Project object */;
			proxyType = 1;
			remoteGlobalIDString = BF15F28228357CE100968B3F;
			remoteInfo = "iNimal (macOS)";
		};
/* End PBXContainerItemProxy section */

/* Begin PBXFileReference section */
		BF15F27628357CDC00968B3F /* iNimalApp.swift */ = {isa = PBXFileReference; lastKnownFileType = sourcecode.swift; path = iNimalApp.swift; sourceTree = "<group>"; };
		BF15F27728357CDC00968B3F /* ContentView.swift */ = {isa = PBXFileReference; lastKnownFileType = sourcecode.swift; path = ContentView.swift; sourceTree = "<group>"; };
		BF15F27828357CE100968B3F /* Assets.xcassets */ = {isa = PBXFileReference; lastKnownFileType = folder.assetcatalog; path = Assets.xcassets; sourceTree = "<group>"; };
		BF15F27D28357CE100968B3F /* iNimal.app */ = {isa = PBXFileReference; explicitFileType = wrapper.application; includeInIndex = 0; path = iNimal.app; sourceTree = BUILT_PRODUCTS_DIR; };
		BF15F28328357CE100968B3F /* iNimal.app */ = {isa = PBXFileReference; explicitFileType = wrapper.application; includeInIndex = 0; path = iNimal.app; sourceTree = BUILT_PRODUCTS_DIR; };
		BF15F28528357CE100968B3F /* macOS.entitlements */ = {isa = PBXFileReference; lastKnownFileType = text.plist.entitlements; path = macOS.entitlements; sourceTree = "<group>"; };
		BF15F28A28357CE100968B3F /* Tests iOS.xctest */ = {isa = PBXFileReference; explicitFileType = wrapper.cfbundle; includeInIndex = 0; path = "Tests iOS.xctest"; sourceTree = BUILT_PRODUCTS_DIR; };
		BF15F28E28357CE100968B3F /* Tests_iOS.swift */ = {isa = PBXFileReference; lastKnownFileType = sourcecode.swift; path = Tests_iOS.swift; sourceTree = "<group>"; };
		BF15F29028357CE100968B3F /* Tests_iOSLaunchTests.swift */ = {isa = PBXFileReference; lastKnownFileType = sourcecode.swift; path = Tests_iOSLaunchTests.swift; sourceTree = "<group>"; };
		BF15F29628357CE100968B3F /* Tests macOS.xctest */ = {isa = PBXFileReference; explicitFileType = wrapper.cfbundle; includeInIndex = 0; path = "Tests macOS.xctest"; sourceTree = BUILT_PRODUCTS_DIR; };
		BF15F29A28357CE100968B3F /* Tests_macOS.swift */ = {isa = PBXFileReference; lastKnownFileType = sourcecode.swift; path = Tests_macOS.swift; sourceTree = "<group>"; };
		BF15F29C28357CE100968B3F /* Tests_macOSLaunchTests.swift */ = {isa = PBXFileReference; lastKnownFileType = sourcecode.swift; path = Tests_macOSLaunchTests.swift; sourceTree = "<group>"; };
/* End PBXFileReference section */

/* Begin PBXFrameworksBuildPhase section */
		BF15F27A28357CE100968B3F /* Frameworks */ = {
			isa = PBXFrameworksBuildPhase;
			buildActionMask = 2147483647;
			files = (
			);
			runOnlyForDeploymentPostprocessing = 0;
		};
		BF15F28028357CE100968B3F /* Frameworks */ = {
			isa = PBXFrameworksBuildPhase;
			buildActionMask = 2147483647;
			files = (
			);
			runOnlyForDeploymentPostprocessing = 0;
		};
		BF15F28728357CE100968B3F /* Frameworks */ = {
			isa = PBXFrameworksBuildPhase;
			buildActionMask = 2147483647;
			files = (
			);
			runOnlyForDeploymentPostprocessing = 0;
		};
		BF15F29328357CE100968B3F /* Frameworks */ = {
			isa = PBXFrameworksBuildPhase;
			buildActionMask = 2147483647;
			files = (
			);
			runOnlyForDeploymentPostprocessing = 0;
		};
/* End PBXFrameworksBuildPhase section */

/* Begin PBXGroup section */
		BF15F27028357CDC00968B3F = {
			isa = PBXGroup;
			children = (
				BF15F27528357CDC00968B3F /* Shared */,
				BF15F28428357CE100968B3F /* macOS */,
				BF15F28D28357CE100968B3F /* Tests iOS */,
				BF15F29928357CE100968B3F /* Tests macOS */,
				BF15F27E28357CE100968B3F /* Products */,
			);
			sourceTree = "<group>";
		};
		BF15F27528357CDC00968B3F /* Shared */ = {
			isa = PBXGroup;
			children = (
				BF15F27628357CDC00968B3F /* iNimalApp.swift */,
				BF15F27728357CDC00968B3F /* ContentView.swift */,
				BF15F27828357CE100968B3F /* Assets.xcassets */,
			);
			path = Shared;
			sourceTree = "<group>";
		};
		BF15F27E28357CE100968B3F /* Products */ = {
			isa = PBXGroup;
			children = (
				BF15F27D28357CE100968B3F /* iNimal.app */,
				BF15F28328357CE100968B3F /* iNimal.app */,
				BF15F28A28357CE100968B3F /* Tests iOS.xctest */,
				BF15F29628357CE100968B3F /* Tests macOS.xctest */,
			);
			name = Products;
			sourceTree = "<group>";
		};
		BF15F28428357CE100968B3F /* macOS */ = {
			isa = PBXGroup;
			children = (
				BF15F28528357CE100968B3F /* macOS.entitlements */,
			);
			path = macOS;
			sourceTree = "<group>";
		};
		BF15F28D28357CE100968B3F /* Tests iOS */ = {
			isa = PBXGroup;
			children = (
				BF15F28E28357CE100968B3F /* Tests_iOS.swift */,
				BF15F29028357CE100968B3F /* Tests_iOSLaunchTests.swift */,
			);
			path = "Tests iOS";
			sourceTree = "<group>";
		};
		BF15F29928357CE100968B3F /* Tests macOS */ = {
			isa = PBXGroup;
			children = (
				BF15F29A28357CE100968B3F /* Tests_macOS.swift */,
				BF15F29C28357CE100968B3F /* Tests_macOSLaunchTests.swift */,
			);
			path = "Tests macOS";
			sourceTree = "<group>";
		};
/* End PBXGroup section */

/* Begin PBXNativeTarget section */
		BF15F27C28357CE100968B3F /* iNimal (iOS) */ = {
			isa = PBXNativeTarget;
			buildConfigurationList = BF15F2A628357CE100968B3F /* Build configuration list for PBXNativeTarget "iNimal (iOS)" */;
			buildPhases = (
				BF15F27928357CE100968B3F /* Sources */,
				BF15F27A28357CE100968B3F /* Frameworks */,
				BF15F27B28357CE100968B3F /* Resources */,
			);
			buildRules = (
			);
			dependencies = (
			);
			name = "iNimal (iOS)";
			productName = "iNimal (iOS)";
			productReference = BF15F27D28357CE100968B3F /* iNimal.app */;
			productType = "com.apple.product-type.application";
		};
		BF15F28228357CE100968B3F /* iNimal (macOS) */ = {
			isa = PBXNativeTarget;
			buildConfigurationList = BF15F2A928357CE100968B3F /* Build configuration list for PBXNativeTarget "iNimal (macOS)" */;
			buildPhases = (
				BF15F27F28357CE100968B3F /* Sources */,
				BF15F28028357CE100968B3F /* Frameworks */,
				BF15F28128357CE100968B3F /* Resources */,
			);
			buildRules = (
			);
			dependencies = (
			);
			name = "iNimal (macOS)";
			productName = "iNimal (macOS)";
			productReference = BF15F28328357CE100968B3F /* iNimal.app */;
			productType = "com.apple.product-type.application";
		};
		BF15F28928357CE100968B3F /* Tests iOS */ = {
			isa = PBXNativeTarget;
			buildConfigurationList = BF15F2AC28357CE100968B3F /* Build configuration list for PBXNativeTarget "Tests iOS" */;
			buildPhases = (
				BF15F28628357CE100968B3F /* Sources */,
				BF15F28728357CE100968B3F /* Frameworks */,
				BF15F28828357CE100968B3F /* Resources */,
			);
			buildRules = (
			);
			dependencies = (
				BF15F28C28357CE100968B3F /* PBXTargetDependency */,
			);
			name = "Tests iOS";
			productName = "Tests iOS";
			productReference = BF15F28A28357CE100968B3F /* Tests iOS.xctest */;
			productType = "com.apple.product-type.bundle.ui-testing";
		};
		BF15F29528357CE100968B3F /* Tests macOS */ = {
			isa = PBXNativeTarget;
			buildConfigurationList = BF15F2AF28357CE100968B3F /* Build configuration list for PBXNativeTarget "Tests macOS" */;
			buildPhases = (
				BF15F29228357CE100968B3F /* Sources */,
				BF15F29328357CE100968B3F /* Frameworks */,
				BF15F29428357CE100968B3F /* Resources */,
			);
			buildRules = (
			);
			dependencies = (
				BF15F29828357CE100968B3F /* PBXTargetDependency */,
			);
			name = "Tests macOS";
			productName = "Tests macOS";
			productReference = BF15F29628357CE100968B3F /* Tests macOS.xctest */;
			productType = "com.apple.product-type.bundle.ui-testing";
		};
/* End PBXNativeTarget section */

/* Begin PBXProject section */
		BF15F27128357CDC00968B3F /* Project object */ = {
			isa = PBXProject;
			attributes = {
				BuildIndependentTargetsInParallel = 1;
				LastSwiftUpdateCheck = 1330;
				LastUpgradeCheck = 1330;
				TargetAttributes = {
					BF15F27C28357CE100968B3F = {
						CreatedOnToolsVersion = 13.3.1;
					};
					BF15F28228357CE100968B3F = {
						CreatedOnToolsVersion = 13.3.1;
					};
					BF15F28928357CE100968B3F = {
						CreatedOnToolsVersion = 13.3.1;
						TestTargetID = BF15F27C28357CE100968B3F;
					};
					BF15F29528357CE100968B3F = {
						CreatedOnToolsVersion = 13.3.1;
						TestTargetID = BF15F28228357CE100968B3F;
					};
				};
			};
			buildConfigurationList = BF15F27428357CDC00968B3F /* Build configuration list for PBXProject "iNimal" */;
			compatibilityVersion = "Xcode 13.0";
			developmentRegion = en;
			hasScannedForEncodings = 0;
			knownRegions = (
				en,
				Base,
			);
			mainGroup = BF15F27028357CDC00968B3F;
			productRefGroup = BF15F27E28357CE100968B3F /* Products */;
			projectDirPath = "";
			projectRoot = "";
			targets = (
				BF15F27C28357CE100968B3F /* iNimal (iOS) */,
				BF15F28228357CE100968B3F /* iNimal (macOS) */,
				BF15F28928357CE100968B3F /* Tests iOS */,
				BF15F29528357CE100968B3F /* Tests macOS */,
			);
		};
/* End PBXProject section */

/* Begin PBXResourcesBuildPhase section */
		BF15F27B28357CE100968B3F /* Resources */ = {
			isa = PBXResourcesBuildPhase;
			buildActionMask = 2147483647;
			files = (
				BF15F2A228357CE100968B3F /* Assets.xcassets in Resources */,
			);
			runOnlyForDeploymentPostprocessing = 0;
		};
		BF15F28128357CE100968B3F /* Resources */ = {
			isa = PBXResourcesBuildPhase;
			buildActionMask = 2147483647;
			files = (
				BF15F2A328357CE100968B3F /* Assets.xcassets in Resources */,
			);
			runOnlyForDeploymentPostprocessing = 0;
		};
		BF15F28828357CE100968B3F /* Resources */ = {
			isa = PBXResourcesBuildPhase;
			buildActionMask = 2147483647;
			files = (
			);
			runOnlyForDeploymentPostprocessing = 0;
		};
		BF15F29428357CE100968B3F /* Resources */ = {
			isa = PBXResourcesBuildPhase;
			buildActionMask = 2147483647;
			files = (
			);
			runOnlyForDeploymentPostprocessing = 0;
		};
/* End PBXResourcesBuildPhase section */

/* Begin PBXSourcesBuildPhase section */
		BF15F27928357CE100968B3F /* Sources */ = {
			isa = PBXSourcesBuildPhase;
			buildActionMask = 2147483647;
			files = (
				BF15F2A028357CE100968B3F /* ContentView.swift in Sources */,
				BF15F29E28357CE100968B3F /* iNimalApp.swift in Sources */,
			);
			runOnlyForDeploymentPostprocessing = 0;
		};
		BF15F27F28357CE100968B3F /* Sources */ = {
			isa = PBXSourcesBuildPhase;
			buildActionMask = 2147483647;
			files = (
				BF15F2A128357CE100968B3F /* ContentView.swift in Sources */,
				BF15F29F28357CE100968B3F /* iNimalApp.swift in Sources */,
			);
			runOnlyForDeploymentPostprocessing = 0;
		};
		BF15F28628357CE100968B3F /* Sources */ = {
			isa = PBXSourcesBuildPhase;
			buildActionMask = 2147483647;
			files = (
				BF15F29128357CE100968B3F /* Tests_iOSLaunchTests.swift in Sources */,
				BF15F28F28357CE100968B3F /* Tests_iOS.swift in Sources */,
			);
			runOnlyForDeploymentPostprocessing = 0;
		};
		BF15F29228357CE100968B3F /* Sources */ = {
			isa = PBXSourcesBuildPhase;
			buildActionMask = 2147483647;
			files = (
				BF15F29D28357CE100968B3F /* Tests_macOSLaunchTests.swift in Sources */,
				BF15F29B28357CE100968B3F /* Tests_macOS.swift in Sources */,
			);
			runOnlyForDeploymentPostprocessing = 0;
		};
/* End PBXSourcesBuildPhase section */

/* Begin PBXTargetDependency section */
		BF15F28C28357CE100968B3F /* PBXTargetDependency */ = {
			isa = PBXTargetDependency;
			target = BF15F27C28357CE100968B3F /* iNimal (iOS) */;
			targetProxy = BF15F28B28357CE100968B3F /* PBXContainerItemProxy */;
		};
		BF15F29828357CE100968B3F /* PBXTargetDependency */ = {
			isa = PBXTargetDependency;
			target = BF15F28228357CE100968B3F /* iNimal (macOS) */;
			targetProxy = BF15F29728357CE100968B3F /* PBXContainerItemProxy */;
		};
/* End PBXTargetDependency section */

/* Begin XCBuildConfiguration section */
		BF15F2A428357CE100968B3F /* Debug */ = {
			isa = XCBuildConfiguration;
			buildSettings = {
				ALWAYS_SEARCH_USER_PATHS = NO;
				CLANG_ANALYZER_NONNULL = YES;
				CLANG_ANALYZER_NUMBER_OBJECT_CONVERSION = YES_AGGRESSIVE;
				CLANG_CXX_LANGUAGE_STANDARD = "gnu++17";
				CLANG_ENABLE_MODULES = YES;
				CLANG_ENABLE_OBJC_ARC = YES;
				CLANG_ENABLE_OBJC_WEAK = YES;
				CLANG_WARN_BLOCK_CAPTURE_AUTORELEASING = YES;
				CLANG_WARN_BOOL_CONVERSION = YES;
				CLANG_WARN_COMMA = YES;
				CLANG_WARN_CONSTANT_CONVERSION = YES;
				CLANG_WARN_DEPRECATED_OBJC_IMPLEMENTATIONS = YES;
				CLANG_WARN_DIRECT_OBJC_ISA_USAGE = YES_ERROR;
				CLANG_WARN_DOCUMENTATION_COMMENTS = YES;
				CLANG_WARN_EMPTY_BODY = YES;
				CLANG_WARN_ENUM_CONVERSION = YES;
				CLANG_WARN_INFINITE_RECURSION = YES;
				CLANG_WARN_INT_CONVERSION = YES;
				CLANG_WARN_NON_LITERAL_NULL_CONVERSION = YES;
				CLANG_WARN_OBJC_IMPLICIT_RETAIN_SELF = YES;
				CLANG_WARN_OBJC_LITERAL_CONVERSION = YES;
				CLANG_WARN_OBJC_ROOT_CLASS = YES_ERROR;
				CLANG_WARN_QUOTED_INCLUDE_IN_FRAMEWORK_HEADER = YES;
				CLANG_WARN_RANGE_LOOP_ANALYSIS = YES;
				CLANG_WARN_STRICT_PROTOTYPES = YES;
				CLANG_WARN_SUSPICIOUS_MOVE = YES;
				CLANG_WARN_UNGUARDED_AVAILABILITY = YES_AGGRESSIVE;
				CLANG_WARN_UNREACHABLE_CODE = YES;
				CLANG_WARN__DUPLICATE_METHOD_MATCH = YES;
				COPY_PHASE_STRIP = NO;
				DEBUG_INFORMATION_FORMAT = dwarf;
				ENABLE_STRICT_OBJC_MSGSEND = YES;
				ENABLE_TESTABILITY = YES;
				GCC_C_LANGUAGE_STANDARD = gnu11;
				GCC_DYNAMIC_NO_PIC = NO;
				GCC_NO_COMMON_BLOCKS = YES;
				GCC_OPTIMIZATION_LEVEL = 0;
				GCC_PREPROCESSOR_DEFINITIONS = (
					"DEBUG=1",
					"$(inherited)",
				);
				GCC_WARN_64_TO_32_BIT_CONVERSION = YES;
				GCC_WARN_ABOUT_RETURN_TYPE = YES_ERROR;
				GCC_WARN_UNDECLARED_SELECTOR = YES;
				GCC_WARN_UNINITIALIZED_AUTOS = YES_AGGRESSIVE;
				GCC_WARN_UNUSED_FUNCTION = YES;
				GCC_WARN_UNUSED_VARIABLE = YES;
				MTL_ENABLE_DEBUG_INFO = INCLUDE_SOURCE;
				MTL_FAST_MATH = YES;
				ONLY_ACTIVE_ARCH = YES;
				SWIFT_ACTIVE_COMPILATION_CONDITIONS = DEBUG;
				SWIFT_OPTIMIZATION_LEVEL = "-Onone";
			};
			name = Debug;
		};
		BF15F2A528357CE100968B3F /* Release */ = {
			isa = XCBuildConfiguration;
			buildSettings = {
				ALWAYS_SEARCH_USER_PATHS = NO;
				CLANG_ANALYZER_NONNULL = YES;
				CLANG_ANALYZER_NUMBER_OBJECT_CONVERSION = YES_AGGRESSIVE;
				CLANG_CXX_LANGUAGE_STANDARD = "gnu++17";
				CLANG_ENABLE_MODULES = YES;
				CLANG_ENABLE_OBJC_ARC = YES;
				CLANG_ENABLE_OBJC_WEAK = YES;
				CLANG_WARN_BLOCK_CAPTURE_AUTORELEASING = YES;
				CLANG_WARN_BOOL_CONVERSION = YES;
				CLANG_WARN_COMMA = YES;
				CLANG_WARN_CONSTANT_CONVERSION = YES;
				CLANG_WARN_DEPRECATED_OBJC_IMPLEMENTATIONS = YES;
				CLANG_WARN_DIRECT_OBJC_ISA_USAGE = YES_ERROR;
				CLANG_WARN_DOCUMENTATION_COMMENTS = YES;
				CLANG_WARN_EMPTY_BODY = YES;
				CLANG_WARN_ENUM_CONVERSION = YES;
				CLANG_WARN_INFINITE_RECURSION = YES;
				CLANG_WARN_INT_CONVERSION = YES;
				CLANG_WARN_NON_LITERAL_NULL_CONVERSION = YES;
				CLANG_WARN_OBJC_IMPLICIT_RETAIN_SELF = YES;
				CLANG_WARN_OBJC_LITERAL_CONVERSION = YES;
				CLANG_WARN_OBJC_ROOT_CLASS = YES_ERROR;
				CLANG_WARN_QUOTED_INCLUDE_IN_FRAMEWORK_HEADER = YES;
				CLANG_WARN_RANGE_LOOP_ANALYSIS = YES;
				CLANG_WARN_STRICT_PROTOTYPES = YES;
				CLANG_WARN_SUSPICIOUS_MOVE = YES;
				CLANG_WARN_UNGUARDED_AVAILABILITY = YES_AGGRESSIVE;
				CLANG_WARN_UNREACHABLE_CODE = YES;
				CLANG_WARN__DUPLICATE_METHOD_MATCH = YES;
				COPY_PHASE_STRIP = NO;
				DEBUG_INFORMATION_FORMAT = "dwarf-with-dsym";
				ENABLE_NS_ASSERTIONS = NO;
				ENABLE_STRICT_OBJC_MSGSEND = YES;
				GCC_C_LANGUAGE_STANDARD = gnu11;
				GCC_NO_COMMON_BLOCKS = YES;
				GCC_WARN_64_TO_32_BIT_CONVERSION = YES;
				GCC_WARN_ABOUT_RETURN_TYPE = YES_ERROR;
				GCC_WARN_UNDECLARED_SELECTOR = YES;
				GCC_WARN_UNINITIALIZED_AUTOS = YES_AGGRESSIVE;
				GCC_WARN_UNUSED_FUNCTION = YES;
				GCC_WARN_UNUSED_VARIABLE = YES;
				MTL_ENABLE_DEBUG_INFO = NO;
				MTL_FAST_MATH = YES;
				SWIFT_COMPILATION_MODE = wholemodule;
				SWIFT_OPTIMIZATION_LEVEL = "-O";
			};
			name = Release;
		};
		BF15F2A728357CE100968B3F /* Debug */ = {
			isa = XCBuildConfiguration;
			buildSettings = {
				ASSETCATALOG_COMPILER_APPICON_NAME = AppIcon;
				ASSETCATALOG_COMPILER_GLOBAL_ACCENT_COLOR_NAME = AccentColor;
				CODE_SIGN_STYLE = Automatic;
				CURRENT_PROJECT_VERSION = 1;
				DEVELOPMENT_TEAM = AJVDA3Y24Z;
				ENABLE_PREVIEWS = YES;
				GENERATE_INFOPLIST_FILE = YES;
				INFOPLIST_KEY_UIApplicationSceneManifest_Generation = YES;
				INFOPLIST_KEY_UIApplicationSupportsIndirectInputEvents = YES;
				INFOPLIST_KEY_UILaunchScreen_Generation = YES;
				INFOPLIST_KEY_UISupportedInterfaceOrientations_iPad = "UIInterfaceOrientationPortrait UIInterfaceOrientationPortraitUpsideDown UIInterfaceOrientationLandscapeLeft UIInterfaceOrientationLandscapeRight";
				INFOPLIST_KEY_UISupportedInterfaceOrientations_iPhone = "UIInterfaceOrientationPortrait UIInterfaceOrientationLandscapeLeft UIInterfaceOrientationLandscapeRight";
				IPHONEOS_DEPLOYMENT_TARGET = 15.4;
				LD_RUNPATH_SEARCH_PATHS = (
					"$(inherited)",
					"@executable_path/Frameworks",
				);
				MARKETING_VERSION = 1.0;
				PRODUCT_BUNDLE_IDENTIFIER = com.lyro.iNimal;
				PRODUCT_NAME = iNimal;
				SDKROOT = iphoneos;
				SWIFT_EMIT_LOC_STRINGS = YES;
				SWIFT_VERSION = 5.0;
				TARGETED_DEVICE_FAMILY = "1,2";
			};
			name = Debug;
		};
		BF15F2A828357CE100968B3F /* Release */ = {
			isa = XCBuildConfiguration;
			buildSettings = {
				ASSETCATALOG_COMPILER_APPICON_NAME = AppIcon;
				ASSETCATALOG_COMPILER_GLOBAL_ACCENT_COLOR_NAME = AccentColor;
				CODE_SIGN_STYLE = Automatic;
				CURRENT_PROJECT_VERSION = 1;
				DEVELOPMENT_TEAM = AJVDA3Y24Z;
				ENABLE_PREVIEWS = YES;
				GENERATE_INFOPLIST_FILE = YES;
				INFOPLIST_KEY_UIApplicationSceneManifest_Generation = YES;
				INFOPLIST_KEY_UIApplicationSupportsIndirectInputEvents = YES;
				INFOPLIST_KEY_UILaunchScreen_Generation = YES;
				INFOPLIST_KEY_UISupportedInterfaceOrientations_iPad = "UIInterfaceOrientationPortrait UIInterfaceOrientationPortraitUpsideDown UIInterfaceOrientationLandscapeLeft UIInterfaceOrientationLandscapeRight";
				INFOPLIST_KEY_UISupportedInterfaceOrientations_iPhone = "UIInterfaceOrientationPortrait UIInterfaceOrientationLandscapeLeft UIInterfaceOrientationLandscapeRight";
				IPHONEOS_DEPLOYMENT_TARGET = 15.4;
				LD_RUNPATH_SEARCH_PATHS = (
					"$(inherited)",
					"@executable_path/Frameworks",
				);
				MARKETING_VERSION = 1.0;
				PRODUCT_BUNDLE_IDENTIFIER = com.lyro.iNimal;
				PRODUCT_NAME = iNimal;
				SDKROOT = iphoneos;
				SWIFT_EMIT_LOC_STRINGS = YES;
				SWIFT_VERSION = 5.0;
				TARGETED_DEVICE_FAMILY = "1,2";
				VALIDATE_PRODUCT = YES;
			};
			name = Release;
		};
		BF15F2AA28357CE100968B3F /* Debug */ = {
			isa = XCBuildConfiguration;
			buildSettings = {
				ASSETCATALOG_COMPILER_APPICON_NAME = AppIcon;
				ASSETCATALOG_COMPILER_GLOBAL_ACCENT_COLOR_NAME = AccentColor;
				CODE_SIGN_ENTITLEMENTS = macOS/macOS.entitlements;
				CODE_SIGN_STYLE = Automatic;
				COMBINE_HIDPI_IMAGES = YES;
				CURRENT_PROJECT_VERSION = 1;
				DEVELOPMENT_TEAM = AJVDA3Y24Z;
				ENABLE_HARDENED_RUNTIME = YES;
				ENABLE_PREVIEWS = YES;
				GENERATE_INFOPLIST_FILE = YES;
				INFOPLIST_KEY_NSHumanReadableCopyright = "";
				LD_RUNPATH_SEARCH_PATHS = (
					"$(inherited)",
					"@executable_path/../Frameworks",
				);
				MACOSX_DEPLOYMENT_TARGET = 12.3;
				MARKETING_VERSION = 1.0;
				PRODUCT_BUNDLE_IDENTIFIER = com.lyro.iNimal;
				PRODUCT_NAME = iNimal;
				SDKROOT = macosx;
				SWIFT_EMIT_LOC_STRINGS = YES;
				SWIFT_VERSION = 5.0;
			};
			name = Debug;
		};
		BF15F2AB28357CE100968B3F /* Release */ = {
			isa = XCBuildConfiguration;
			buildSettings = {
				ASSETCATALOG_COMPILER_APPICON_NAME = AppIcon;
				ASSETCATALOG_COMPILER_GLOBAL_ACCENT_COLOR_NAME = AccentColor;
				CODE_SIGN_ENTITLEMENTS = macOS/macOS.entitlements;
				CODE_SIGN_STYLE = Automatic;
				COMBINE_HIDPI_IMAGES = YES;
				CURRENT_PROJECT_VERSION = 1;
				DEVELOPMENT_TEAM = AJVDA3Y24Z;
				ENABLE_HARDENED_RUNTIME = YES;
				ENABLE_PREVIEWS = YES;
				GENERATE_INFOPLIST_FILE = YES;
				INFOPLIST_KEY_NSHumanReadableCopyright = "";
				LD_RUNPATH_SEARCH_PATHS = (
					"$(inherited)",
					"@executable_path/../Frameworks",
				);
				MACOSX_DEPLOYMENT_TARGET = 12.3;
				MARKETING_VERSION = 1.0;
				PRODUCT_BUNDLE_IDENTIFIER = com.lyro.iNimal;
				PRODUCT_NAME = iNimal;
				SDKROOT = macosx;
				SWIFT_EMIT_LOC_STRINGS = YES;
				SWIFT_VERSION = 5.0;
			};
			name = Release;
		};
		BF15F2AD28357CE100968B3F /* Debug */ = {
			isa = XCBuildConfiguration;
			buildSettings = {
				ALWAYS_EMBED_SWIFT_STANDARD_LIBRARIES = YES;
				CODE_SIGN_STYLE = Automatic;
				CURRENT_PROJECT_VERSION = 1;
				DEVELOPMENT_TEAM = AJVDA3Y24Z;
				GENERATE_INFOPLIST_FILE = YES;
				IPHONEOS_DEPLOYMENT_TARGET = 15.4;
				MARKETING_VERSION = 1.0;
				PRODUCT_BUNDLE_IDENTIFIER = "com.lyro.Tests-iOS";
				PRODUCT_NAME = "$(TARGET_NAME)";
				SDKROOT = iphoneos;
				SWIFT_EMIT_LOC_STRINGS = NO;
				SWIFT_VERSION = 5.0;
				TARGETED_DEVICE_FAMILY = "1,2";
				TEST_TARGET_NAME = "iNimal (iOS)";
			};
			name = Debug;
		};
		BF15F2AE28357CE100968B3F /* Release */ = {
			isa = XCBuildConfiguration;
			buildSettings = {
				ALWAYS_EMBED_SWIFT_STANDARD_LIBRARIES = YES;
				CODE_SIGN_STYLE = Automatic;
				CURRENT_PROJECT_VERSION = 1;
				DEVELOPMENT_TEAM = AJVDA3Y24Z;
				GENERATE_INFOPLIST_FILE = YES;
				IPHONEOS_DEPLOYMENT_TARGET = 15.4;
				MARKETING_VERSION = 1.0;
				PRODUCT_BUNDLE_IDENTIFIER = "com.lyro.Tests-iOS";
				PRODUCT_NAME = "$(TARGET_NAME)";
				SDKROOT = iphoneos;
				SWIFT_EMIT_LOC_STRINGS = NO;
				SWIFT_VERSION = 5.0;
				TARGETED_DEVICE_FAMILY = "1,2";
				TEST_TARGET_NAME = "iNimal (iOS)";
				VALIDATE_PRODUCT = YES;
			};
			name = Release;
		};
		BF15F2B028357CE100968B3F /* Debug */ = {
			isa = XCBuildConfiguration;
			buildSettings = {
				ALWAYS_EMBED_SWIFT_STANDARD_LIBRARIES = YES;
				CODE_SIGN_STYLE = Automatic;
				CURRENT_PROJECT_VERSION = 1;
				DEVELOPMENT_TEAM = AJVDA3Y24Z;
				GENERATE_INFOPLIST_FILE = YES;
				MACOSX_DEPLOYMENT_TARGET = 12.3;
				MARKETING_VERSION = 1.0;
				PRODUCT_BUNDLE_IDENTIFIER = "com.lyro.Tests-macOS";
				PRODUCT_NAME = "$(TARGET_NAME)";
				SDKROOT = macosx;
				SWIFT_EMIT_LOC_STRINGS = NO;
				SWIFT_VERSION = 5.0;
				TEST_TARGET_NAME = "iNimal (macOS)";
			};
			name = Debug;
		};
		BF15F2B128357CE100968B3F /* Release */ = {
			isa = XCBuildConfiguration;
			buildSettings = {
				ALWAYS_EMBED_SWIFT_STANDARD_LIBRARIES = YES;
				CODE_SIGN_STYLE = Automatic;
				CURRENT_PROJECT_VERSION = 1;
				DEVELOPMENT_TEAM = AJVDA3Y24Z;
				GENERATE_INFOPLIST_FILE = YES;
				MACOSX_DEPLOYMENT_TARGET = 12.3;
				MARKETING_VERSION = 1.0;
				PRODUCT_BUNDLE_IDENTIFIER = "com.lyro.Tests-macOS";
				PRODUCT_NAME = "$(TARGET_NAME)";
				SDKROOT = macosx;
				SWIFT_EMIT_LOC_STRINGS = NO;
				SWIFT_VERSION = 5.0;
				TEST_TARGET_NAME = "iNimal (macOS)";
			};
			name = Release;
		};
/* End XCBuildConfiguration section */

/* Begin XCConfigurationList section */
		BF15F27428357CDC00968B3F /* Build configuration list for PBXProject "iNimal" */ = {
			isa = XCConfigurationList;
			buildConfigurations = (
				BF15F2A428357CE100968B3F /* Debug */,
				BF15F2A528357CE100968B3F /* Release */,
			);
			defaultConfigurationIsVisible = 0;
			defaultConfigurationName = Release;
		};
		BF15F2A628357CE100968B3F /* Build configuration list for PBXNativeTarget "iNimal (iOS)" */ = {
			isa = XCConfigurationList;
			buildConfigurations = (
				BF15F2A728357CE100968B3F /* Debug */,
				BF15F2A828357CE100968B3F /* Release */,
			);
			defaultConfigurationIsVisible = 0;
			defaultConfigurationName = Release;
		};
		BF15F2A928357CE100968B3F /* Build configuration list for PBXNativeTarget "iNimal (macOS)" */ = {
			isa = XCConfigurationList;
			buildConfigurations = (
				BF15F2AA28357CE100968B3F /* Debug */,
				BF15F2AB28357CE100968B3F /* Release */,
			);
			defaultConfigurationIsVisible = 0;
			defaultConfigurationName = Release;
		};
		BF15F2AC28357CE100968B3F /* Build configuration list for PBXNativeTarget "Tests iOS" */ = {
			isa = XCConfigurationList;
			buildConfigurations = (
				BF15F2AD28357CE100968B3F /* Debug */,
				BF15F2AE28357CE100968B3F /* Release */,
			);
			defaultConfigurationIsVisible = 0;
			defaultConfigurationName = Release;
		};
		BF15F2AF28357CE100968B3F /* Build configuration list for PBXNativeTarget "Tests macOS" */ = {
			isa = XCConfigurationList;
			buildConfigurations = (
				BF15F2B028357CE100968B3F /* Debug */,
				BF15F2B128357CE100968B3F /* Release */,
			);
			defaultConfigurationIsVisible = 0;
			defaultConfigurationName = Release;
		};
/* End XCConfigurationList section */
	};
	rootObject = BF15F27128357CDC00968B3F /* Project object */;
}
